# This file is automatically @generated by pesde.
# It is not intended for manual editing.
format = 2
name = "pepeeltoro41/replecs"
version = "0.0.1"
target = "luau"

[graph."marked/jecs@0.9.0-rc.6 luau"]
direct = ["jecs", { name = "marked/jecs", version = "^0.9.0-rc.5", index = "default" }, "standard"]

[graph."marked/jecs@0.9.0-rc.6 luau".pkg_ref]
ref_ty = "pesde"
index_url = "https://github.com/pesde-pkg/index"
